{
  "name": "life-blog",
  "version": "1.0.0",
  "lockfileVersion": 1,
  "requires": true,
  "dependencies": {
    "@prakashraman/notes": {
      "version": "0.3.0",
      "resolved": "https://registry.npmjs.org/@prakashraman/notes/-/notes-0.3.0.tgz",
      "integrity": "sha512-vPWXiknDAxTIyz+UXUTB6eR85APDWicBR/74gzTfTZOHbhUgpLA3AkVr0O3Hc1QzRpSDCg4YNfLhvigcHKb4EQ==",
      "requires": {
        "@types/figlet": "^1.2.0",
        "@types/inquirer": "^7.3.1",
        "@types/showdown": "^1.9.3",
        "chalk": "^4.1.0",
        "commander": "^6.1.0",
        "date-fns": "^2.16.1",
        "figlet": "^1.5.0",
        "handlebars": "^4.7.6",
        "inquirer": "^7.3.3",
        "moment": "^2.29.1",
        "showdown": "^1.9.1",
        "slugify": "^1.4.5",
        "string-strip-html": "^6.0.4",
        "ts-node": "^9.0.0",
        "typescript": "^4.0.3"
      }
    },
    "@types/figlet": {
      "version": "1.2.0",
      "resolved": "https://registry.npmjs.org/@types/figlet/-/figlet-1.2.0.tgz",
      "integrity": "sha512-TDZkNpYfkc3X8yv7w1QBziZmmxzNfGKX+YjeNkMpmSiNV0QOdNf9G5cEZB3FH1/oaqpSQEdxuDzURdju2L3lng=="
    },
    "@types/inquirer": {
      "version": "7.3.1",
      "resolved": "https://registry.npmjs.org/@types/inquirer/-/inquirer-7.3.1.tgz",
      "integrity": "sha512-osD38QVIfcdgsPCT0V3lD7eH0OFurX71Jft18bZrsVQWVRt6TuxRzlr0GJLrxoHZR2V5ph7/qP8se/dcnI7o0g==",
      "requires": {
        "@types/through": "*",
        "rxjs": "^6.4.0"
      }
    },
    "@types/node": {
      "version": "14.11.10",
      "resolved": "https://registry.npmjs.org/@types/node/-/node-14.11.10.tgz",
      "integrity": "sha512-yV1nWZPlMFpoXyoknm4S56y2nlTAuFYaJuQtYRAOU7xA/FJ9RY0Xm7QOkaYMMmr8ESdHIuUb6oQgR/0+2NqlyA=="
    },
    "@types/showdown": {
      "version": "1.9.3",
      "resolved": "https://registry.npmjs.org/@types/showdown/-/showdown-1.9.3.tgz",
      "integrity": "sha512-akvzSmrvY4J5d3tHzUUiQr0xpjd4Nb3uzWW6dtwzYJ+qW/KdWw5F8NLatnor5q/1LURHnzDA1ReEwCVqcatRnw=="
    },
    "@types/through": {
      "version": "0.0.30",
      "resolved": "https://registry.npmjs.org/@types/through/-/through-0.0.30.tgz",
      "integrity": "sha512-FvnCJljyxhPM3gkRgWmxmDZyAQSiBQQWLI0A0VFL0K7W1oRUrPJSqNO0NvTnLkBcotdlp3lKvaT0JrnyRDkzOg==",
      "requires": {
        "@types/node": "*"
      }
    },
    "ansi-escapes": {
      "version": "4.3.1",
      "resolved": "https://registry.npmjs.org/ansi-escapes/-/ansi-escapes-4.3.1.tgz",
      "integrity": "sha512-JWF7ocqNrp8u9oqpgV+wH5ftbt+cfvv+PTjOvKLT3AdYly/LmORARfEVT1iyjwN+4MqE5UmVKoAdIBqeoCHgLA==",
      "requires": {
        "type-fest": "^0.11.0"
      }
    },
    "ansi-regex": {
      "version": "5.0.0",
      "resolved": "https://registry.npmjs.org/ansi-regex/-/ansi-regex-5.0.0.tgz",
      "integrity": "sha512-bY6fj56OUQ0hU1KjFNDQuJFezqKdrAyFdIevADiqrWHwSlbmBNMHp5ak2f40Pm8JTFyM2mqxkG6ngkHO11f/lg=="
    },
    "ansi-styles": {
      "version": "4.3.0",
      "resolved": "https://registry.npmjs.org/ansi-styles/-/ansi-styles-4.3.0.tgz",
      "integrity": "sha512-zbB9rCJAT1rbjiVDb2hqKFHNYLxgtk8NURxZ3IZwD3F6NtxbXZQCnnSi1Lkx+IDohdPlFp222wVALIheZJQSEg==",
      "requires": {
        "color-convert": "^2.0.1"
      }
    },
    "arg": {
      "version": "4.1.3",
      "resolved": "https://registry.npmjs.org/arg/-/arg-4.1.3.tgz",
      "integrity": "sha512-58S9QDqG0Xx27YwPSt9fJxivjYl432YCwfDMfZ+71RAqUrZef7LrKQZ3LHLOwCS4FLNBplP533Zx895SeOCHvA=="
    },
    "buffer-from": {
      "version": "1.1.1",
      "resolved": "https://registry.npmjs.org/buffer-from/-/buffer-from-1.1.1.tgz",
      "integrity": "sha512-MQcXEUbCKtEo7bhqEs6560Hyd4XaovZlO/k9V3hjVUF/zwW7KBVdSK4gIt/bzwS9MbR5qob+F5jusZsb0YQK2A=="
    },
    "camelcase": {
      "version": "5.3.1",
      "resolved": "https://registry.npmjs.org/camelcase/-/camelcase-5.3.1.tgz",
      "integrity": "sha512-L28STB170nwWS63UjtlEOE3dldQApaJXZkOI1uMFfzf3rRuPegHaHesyee+YxQ+W6SvRDQV6UrdOdRiR153wJg=="
    },
    "chalk": {
      "version": "4.1.0",
      "resolved": "https://registry.npmjs.org/chalk/-/chalk-4.1.0.tgz",
      "integrity": "sha512-qwx12AxXe2Q5xQ43Ac//I6v5aXTipYrSESdOgzrN+9XjgEpyjpKuvSGaN4qE93f7TQTlerQQ8S+EQ0EyDoVL1A==",
      "requires": {
        "ansi-styles": "^4.1.0",
        "supports-color": "^7.1.0"
      }
    },
    "chardet": {
      "version": "0.7.0",
      "resolved": "https://registry.npmjs.org/chardet/-/chardet-0.7.0.tgz",
      "integrity": "sha512-mT8iDcrh03qDGRRmoA2hmBJnxpllMR+0/0qlzjqZES6NdiWDcZkCNAk4rPFZ9Q85r27unkiNNg8ZOiwZXBHwcA=="
    },
    "cli-cursor": {
      "version": "3.1.0",
      "resolved": "https://registry.npmjs.org/cli-cursor/-/cli-cursor-3.1.0.tgz",
      "integrity": "sha512-I/zHAwsKf9FqGoXM4WWRACob9+SNukZTd94DWF57E4toouRulbCxcUh6RKUEOQlYTHJnzkPMySvPNaaSLNfLZw==",
      "requires": {
        "restore-cursor": "^3.1.0"
      }
    },
    "cli-width": {
      "version": "3.0.0",
      "resolved": "https://registry.npmjs.org/cli-width/-/cli-width-3.0.0.tgz",
      "integrity": "sha512-FxqpkPPwu1HjuN93Omfm4h8uIanXofW0RxVEW3k5RKx+mJJYSthzNhp32Kzxxy3YAEZ/Dc/EWN1vZRY0+kOhbw=="
    },
    "cliui": {
      "version": "5.0.0",
      "resolved": "https://registry.npmjs.org/cliui/-/cliui-5.0.0.tgz",
      "integrity": "sha512-PYeGSEmmHM6zvoef2w8TPzlrnNpXIjTipYK780YswmIP9vjxmd6Y2a3CB2Ks6/AU8NHjZugXvo8w3oWM2qnwXA==",
      "requires": {
        "string-width": "^3.1.0",
        "strip-ansi": "^5.2.0",
        "wrap-ansi": "^5.1.0"
      },
      "dependencies": {
        "ansi-regex": {
          "version": "4.1.0",
          "resolved": "https://registry.npmjs.org/ansi-regex/-/ansi-regex-4.1.0.tgz",
          "integrity": "sha512-1apePfXM1UOSqw0o9IiFAovVz9M5S1Dg+4TrDwfMewQ6p/rmMueb7tWZjQ1rx4Loy1ArBggoqGpfqqdI4rondg=="
        },
        "emoji-regex": {
          "version": "7.0.3",
          "resolved": "https://registry.npmjs.org/emoji-regex/-/emoji-regex-7.0.3.tgz",
          "integrity": "sha512-CwBLREIQ7LvYFB0WyRvwhq5N5qPhc6PMjD6bYggFlI5YyDgl+0vxq5VHbMOFqLg7hfWzmu8T5Z1QofhmTIhItA=="
        },
        "is-fullwidth-code-point": {
          "version": "2.0.0",
          "resolved": "https://registry.npmjs.org/is-fullwidth-code-point/-/is-fullwidth-code-point-2.0.0.tgz",
          "integrity": "sha1-o7MKXE8ZkYMWeqq5O+764937ZU8="
        },
        "string-width": {
          "version": "3.1.0",
          "resolved": "https://registry.npmjs.org/string-width/-/string-width-3.1.0.tgz",
          "integrity": "sha512-vafcv6KjVZKSgz06oM/H6GDBrAtz8vdhQakGjFIvNrHA6y3HCF1CInLy+QLq8dTJPQ1b+KDUqDFctkdRW44e1w==",
          "requires": {
            "emoji-regex": "^7.0.1",
            "is-fullwidth-code-point": "^2.0.0",
            "strip-ansi": "^5.1.0"
          }
        },
        "strip-ansi": {
          "version": "5.2.0",
          "resolved": "https://registry.npmjs.org/strip-ansi/-/strip-ansi-5.2.0.tgz",
          "integrity": "sha512-DuRs1gKbBqsMKIZlrffwlug8MHkcnpjs5VPmL1PAh+mA30U0DTotfDZ0d2UUsXpPmPmMMJ6W773MaA3J+lbiWA==",
          "requires": {
            "ansi-regex": "^4.1.0"
          }
        }
      }
    },
    "color-convert": {
      "version": "2.0.1",
      "resolved": "https://registry.npmjs.org/color-convert/-/color-convert-2.0.1.tgz",
      "integrity": "sha512-RRECPsj7iu/xb5oKYcsFHSppFNnsj/52OVTRKb4zP5onXwVF3zVmmToNcOfGC+CRDpfK/U584fMg38ZHCaElKQ==",
      "requires": {
        "color-name": "~1.1.4"
      }
    },
    "color-name": {
      "version": "1.1.4",
      "resolved": "https://registry.npmjs.org/color-name/-/color-name-1.1.4.tgz",
      "integrity": "sha512-dOy+3AuW3a2wNbZHIuMZpTcgjGuLU/uBL/ubcZF9OXbDo8ff4O8yVp5Bf0efS8uEoYo5q4Fx7dY9OgQGXgAsQA=="
    },
    "commander": {
      "version": "6.1.0",
      "resolved": "https://registry.npmjs.org/commander/-/commander-6.1.0.tgz",
      "integrity": "sha512-wl7PNrYWd2y5mp1OK/LhTlv8Ff4kQJQRXXAvF+uU/TPNiVJUxZLRYGj/B0y/lPGAVcSbJqH2Za/cvHmrPMC8mA=="
    },
    "date-fns": {
      "version": "2.16.1",
      "resolved": "https://registry.npmjs.org/date-fns/-/date-fns-2.16.1.tgz",
      "integrity": "sha512-sAJVKx/FqrLYHAQeN7VpJrPhagZc9R4ImZIWYRFZaaohR3KzmuK88touwsSwSVT8Qcbd4zoDsnGfX4GFB4imyQ=="
    },
    "decamelize": {
      "version": "1.2.0",
      "resolved": "https://registry.npmjs.org/decamelize/-/decamelize-1.2.0.tgz",
      "integrity": "sha1-9lNNFRSCabIDUue+4m9QH5oZEpA="
    },
    "diff": {
      "version": "4.0.2",
      "resolved": "https://registry.npmjs.org/diff/-/diff-4.0.2.tgz",
      "integrity": "sha512-58lmxKSA4BNyLz+HHMUzlOEpg09FV+ev6ZMe3vJihgdxzgcwZ8VoEEPmALCZG9LmqfVoNMMKpttIYTVG6uDY7A=="
    },
    "emoji-regex": {
      "version": "8.0.0",
      "resolved": "https://registry.npmjs.org/emoji-regex/-/emoji-regex-8.0.0.tgz",
      "integrity": "sha512-MSjYzcWNOA0ewAHpz0MxpYFvwg6yjy1NG3xteoqz644VCo/RPgnr1/GGt+ic3iJTzQ8Eu3TdM14SawnVUmGE6A=="
    },
    "ent": {
      "version": "2.2.0",
      "resolved": "https://registry.npmjs.org/ent/-/ent-2.2.0.tgz",
      "integrity": "sha1-6WQhkyWiHQX0RGai9obtbOX13R0="
    },
    "escape-string-regexp": {
      "version": "1.0.5",
      "resolved": "https://registry.npmjs.org/escape-string-regexp/-/escape-string-regexp-1.0.5.tgz",
      "integrity": "sha1-G2HAViGQqN/2rjuyzwIAyhMLhtQ="
    },
    "external-editor": {
      "version": "3.1.0",
      "resolved": "https://registry.npmjs.org/external-editor/-/external-editor-3.1.0.tgz",
      "integrity": "sha512-hMQ4CX1p1izmuLYyZqLMO/qGNw10wSv9QDCPfzXfyFrOaCSSoRfqE1Kf1s5an66J5JZC62NewG+mK49jOCtQew==",
      "requires": {
        "chardet": "^0.7.0",
        "iconv-lite": "^0.4.24",
        "tmp": "^0.0.33"
      }
    },
    "figlet": {
      "version": "1.5.0",
      "resolved": "https://registry.npmjs.org/figlet/-/figlet-1.5.0.tgz",
      "integrity": "sha512-ZQJM4aifMpz6H19AW1VqvZ7l4pOE9p7i/3LyxgO2kp+PO/VcDYNqIHEMtkccqIhTXMKci4kjueJr/iCQEaT/Ww=="
    },
    "figures": {
      "version": "3.2.0",
      "resolved": "https://registry.npmjs.org/figures/-/figures-3.2.0.tgz",
      "integrity": "sha512-yaduQFRKLXYOGgEn6AZau90j3ggSOyiqXU0F9JZfeXYhNa+Jk4X+s45A2zg5jns87GAFa34BBm2kXw4XpNcbdg==",
      "requires": {
        "escape-string-regexp": "^1.0.5"
      }
    },
    "find-up": {
      "version": "3.0.0",
      "resolved": "https://registry.npmjs.org/find-up/-/find-up-3.0.0.tgz",
      "integrity": "sha512-1yD6RmLI1XBfxugvORwlck6f75tYL+iR0jqwsOrOxMZyGYqUuDhJ0l4AXdO1iX/FTs9cBAMEk1gWSEx1kSbylg==",
      "requires": {
        "locate-path": "^3.0.0"
      }
    },
    "get-caller-file": {
      "version": "2.0.5",
      "resolved": "https://registry.npmjs.org/get-caller-file/-/get-caller-file-2.0.5.tgz",
      "integrity": "sha512-DyFP3BM/3YHTQOCUL/w0OZHR0lpKeGrxotcHWcqNEdnltqFwXVfhEBQ94eIo34AfQpo0rGki4cyIiftY06h2Fg=="
    },
    "handlebars": {
      "version": "4.7.6",
      "resolved": "https://registry.npmjs.org/handlebars/-/handlebars-4.7.6.tgz",
      "integrity": "sha512-1f2BACcBfiwAfStCKZNrUCgqNZkGsAT7UM3kkYtXuLo0KnaVfjKOyf7PRzB6++aK9STyT1Pd2ZCPe3EGOXleXA==",
      "requires": {
        "minimist": "^1.2.5",
        "neo-async": "^2.6.0",
        "source-map": "^0.6.1",
        "uglify-js": "^3.1.4",
        "wordwrap": "^1.0.0"
      }
    },
    "has-flag": {
      "version": "4.0.0",
      "resolved": "https://registry.npmjs.org/has-flag/-/has-flag-4.0.0.tgz",
      "integrity": "sha512-EykJT/Q1KjTWctppgIAgfSO0tKVuZUjhgMr17kqTumMl6Afv3EISleU7qZUzoXDFTAHTDC4NOoG/ZxU3EvlMPQ=="
    },
    "iconv-lite": {
      "version": "0.4.24",
      "resolved": "https://registry.npmjs.org/iconv-lite/-/iconv-lite-0.4.24.tgz",
      "integrity": "sha512-v3MXnZAcvnywkTUEZomIActle7RXXeedOR31wwl7VlyoXO4Qi9arvSenNQWne1TcRwhCL1HwLI21bEqdpj8/rA==",
      "requires": {
        "safer-buffer": ">= 2.1.2 < 3"
      }
    },
    "inquirer": {
      "version": "7.3.3",
      "resolved": "https://registry.npmjs.org/inquirer/-/inquirer-7.3.3.tgz",
      "integrity": "sha512-JG3eIAj5V9CwcGvuOmoo6LB9kbAYT8HXffUl6memuszlwDC/qvFAJw49XJ5NROSFNPxp3iQg1GqkFhaY/CR0IA==",
      "requires": {
        "ansi-escapes": "^4.2.1",
        "chalk": "^4.1.0",
        "cli-cursor": "^3.1.0",
        "cli-width": "^3.0.0",
        "external-editor": "^3.0.3",
        "figures": "^3.0.0",
        "lodash": "^4.17.19",
        "mute-stream": "0.0.8",
        "run-async": "^2.4.0",
        "rxjs": "^6.6.0",
        "string-width": "^4.1.0",
        "strip-ansi": "^6.0.0",
        "through": "^2.3.6"
      }
    },
    "is-fullwidth-code-point": {
      "version": "3.0.0",
      "resolved": "https://registry.npmjs.org/is-fullwidth-code-point/-/is-fullwidth-code-point-3.0.0.tgz",
      "integrity": "sha512-zymm5+u+sCsSWyD9qNaejV3DFvhCKclKdizYaJUuHA83RLjb7nSuGnddCHGv0hk+KY7BMAlsWeK4Ueg6EV6XQg=="
    },
    "locate-path": {
      "version": "3.0.0",
      "resolved": "https://registry.npmjs.org/locate-path/-/locate-path-3.0.0.tgz",
      "integrity": "sha512-7AO748wWnIhNqAuaty2ZWHkQHRSNfPVIsPIfwEOWO22AmaoVrWavlOcMR5nzTLNYvp36X220/maaRsrec1G65A==",
      "requires": {
        "p-locate": "^3.0.0",
        "path-exists": "^3.0.0"
      }
    },
    "lodash": {
      "version": "4.17.20",
      "resolved": "https://registry.npmjs.org/lodash/-/lodash-4.17.20.tgz",
      "integrity": "sha512-PlhdFcillOINfeV7Ni6oF1TAEayyZBoZ8bcshTHqOYJYlrqzRK5hagpagky5o4HfCzzd1TRkXPMFq6cKk9rGmA=="
    },
    "lodash.clonedeep": {
      "version": "4.5.0",
      "resolved": "https://registry.npmjs.org/lodash.clonedeep/-/lodash.clonedeep-4.5.0.tgz",
      "integrity": "sha1-4j8/nE+Pvd6HJSnBBxhXoIblzO8="
    },
    "lodash.isplainobject": {
      "version": "4.0.6",
      "resolved": "https://registry.npmjs.org/lodash.isplainobject/-/lodash.isplainobject-4.0.6.tgz",
      "integrity": "sha1-fFJqUtibRcRcxpC4gWO+BJf1UMs="
    },
    "lodash.trim": {
      "version": "4.5.1",
      "resolved": "https://registry.npmjs.org/lodash.trim/-/lodash.trim-4.5.1.tgz",
      "integrity": "sha1-NkJefukL5KpeJ7zruFt9EepHqlc="
    },
    "lodash.without": {
      "version": "4.4.0",
      "resolved": "https://registry.npmjs.org/lodash.without/-/lodash.without-4.4.0.tgz",
      "integrity": "sha1-PNRXSgC2e643OpS3SHcmQFB7eqw="
    },
    "make-error": {
      "version": "1.3.6",
      "resolved": "https://registry.npmjs.org/make-error/-/make-error-1.3.6.tgz",
      "integrity": "sha512-s8UhlNe7vPKomQhC1qFelMokr/Sc3AgNbso3n74mVPA5LTZwkB9NlXf4XPamLxJE8h0gh73rM94xvwRT2CVInw=="
    },
    "mimic-fn": {
      "version": "2.1.0",
      "resolved": "https://registry.npmjs.org/mimic-fn/-/mimic-fn-2.1.0.tgz",
      "integrity": "sha512-OqbOk5oEQeAZ8WXWydlu9HJjz9WVdEIvamMCcXmuqUYjTknH/sqsWvhQ3vgwKFRR1HpjvNBKQ37nbJgYzGqGcg=="
    },
    "minimist": {
      "version": "1.2.5",
      "resolved": "https://registry.npmjs.org/minimist/-/minimist-1.2.5.tgz",
      "integrity": "sha512-FM9nNUYrRBAELZQT3xeZQ7fmMOBg6nWNmJKTcgsJeaLstP/UODVpGsr5OhXhhXg6f+qtJ8uiZ+PUxkDWcgIXLw=="
    },
    "moment": {
      "version": "2.29.1",
      "resolved": "https://registry.npmjs.org/moment/-/moment-2.29.1.tgz",
      "integrity": "sha512-kHmoybcPV8Sqy59DwNDY3Jefr64lK/by/da0ViFcuA4DH0vQg5Q6Ze5VimxkfQNSC+Mls/Kx53s7TjP1RhFEDQ=="
    },
    "mute-stream": {
      "version": "0.0.8",
      "resolved": "https://registry.npmjs.org/mute-stream/-/mute-stream-0.0.8.tgz",
      "integrity": "sha512-nnbWWOkoWyUsTjKrhgD0dcz22mdkSnpYqbEjIm2nhwhuxlSkpywJmBo8h0ZqJdkp73mb90SssHkN4rsRaBAfAA=="
    },
    "neo-async": {
      "version": "2.6.2",
      "resolved": "https://registry.npmjs.org/neo-async/-/neo-async-2.6.2.tgz",
      "integrity": "sha512-Yd3UES5mWCSqR+qNT93S3UoYUkqAZ9lLg8a7g9rimsWmYGK8cVToA4/sF3RrshdyV3sAGMXVUmpMYOw+dLpOuw=="
    },
    "onetime": {
      "version": "5.1.2",
      "resolved": "https://registry.npmjs.org/onetime/-/onetime-5.1.2.tgz",
      "integrity": "sha512-kbpaSSGJTWdAY5KPVeMOKXSrPtr8C8C7wodJbcsd51jRnmD+GZu8Y0VoU6Dm5Z4vWr0Ig/1NKuWRKf7j5aaYSg==",
      "requires": {
        "mimic-fn": "^2.1.0"
      }
    },
    "os-tmpdir": {
      "version": "1.0.2",
      "resolved": "https://registry.npmjs.org/os-tmpdir/-/os-tmpdir-1.0.2.tgz",
      "integrity": "sha1-u+Z0BseaqFxc/sdm/lc0VV36EnQ="
    },
    "p-limit": {
      "version": "2.3.0",
      "resolved": "https://registry.npmjs.org/p-limit/-/p-limit-2.3.0.tgz",
      "integrity": "sha512-//88mFWSJx8lxCzwdAABTJL2MyWB12+eIY7MDL2SqLmAkeKU9qxRvWuSyTjm3FUmpBEMuFfckAIqEaVGUDxb6w==",
      "requires": {
        "p-try": "^2.0.0"
      }
    },
    "p-locate": {
      "version": "3.0.0",
      "resolved": "https://registry.npmjs.org/p-locate/-/p-locate-3.0.0.tgz",
      "integrity": "sha512-x+12w/To+4GFfgJhBEpiDcLozRJGegY+Ei7/z0tSLkMmxGZNybVMSfWj9aJn8Z5Fc7dBUNJOOVgPv2H7IwulSQ==",
      "requires": {
        "p-limit": "^2.0.0"
      }
    },
    "p-try": {
      "version": "2.2.0",
      "resolved": "https://registry.npmjs.org/p-try/-/p-try-2.2.0.tgz",
      "integrity": "sha512-R4nPAVTAU0B9D35/Gk3uJf/7XYbQcyohSKdvAxIRSNghFl4e71hVoGnBNQz9cWaXxO2I10KTC+3jMdvvoKw6dQ=="
    },
    "path-exists": {
      "version": "3.0.0",
      "resolved": "https://registry.npmjs.org/path-exists/-/path-exists-3.0.0.tgz",
      "integrity": "sha1-zg6+ql94yxiSXqfYENe1mwEP1RU="
    },
    "ranges-apply": {
      "version": "3.2.3",
      "resolved": "https://registry.npmjs.org/ranges-apply/-/ranges-apply-3.2.3.tgz",
      "integrity": "sha512-lc5jJU3ecZZyY3oifVziIR40rzbK7lTHn+l5iAKTg0yQdR43wj5UtpVqW57Zt3eWSuQI6wqa2RNhdk5FNCPZOA==",
      "requires": {
        "ranges-merge": "^5.0.3"
      }
    },
    "ranges-merge": {
      "version": "5.0.3",
      "resolved": "https://registry.npmjs.org/ranges-merge/-/ranges-merge-5.0.3.tgz",
      "integrity": "sha512-UPV4IZVpySzOK8MVfPY8VhMPpT/WKG2V/9HCar3e4zM7h97ml2BKKfkdCcR2PgqGEUDLJr25dElKDo94/5tIMw==",
      "requires": {
        "ranges-sort": "^3.13.3"
      }
    },
    "ranges-push": {
      "version": "3.7.22",
      "resolved": "https://registry.npmjs.org/ranges-push/-/ranges-push-3.7.22.tgz",
      "integrity": "sha512-stqx+AKzEl/62QdbGhn6pKO5dWFf5H5xT59y14KrruUn+QW2M6skq5jsJ3RdpKpmYVDfjGnOiQGL12bzb7xcPw==",
      "requires": {
        "ranges-merge": "^5.0.3",
        "string-collapse-leading-whitespace": "^3.0.2",
        "string-trim-spaces-only": "^2.8.23"
      }
    },
    "ranges-sort": {
      "version": "3.13.3",
      "resolved": "https://registry.npmjs.org/ranges-sort/-/ranges-sort-3.13.3.tgz",
      "integrity": "sha512-5S9d5SHb3/phG3EaniXqR9hJiN5EnQjityNRktq3XIxt0TDnouB8glWb61QANZFYdGQ70A5YUNQ8eX/Jmlw6nQ=="
    },
    "require-directory": {
      "version": "2.1.1",
      "resolved": "https://registry.npmjs.org/require-directory/-/require-directory-2.1.1.tgz",
      "integrity": "sha1-jGStX9MNqxyXbiNE/+f3kqam30I="
    },
    "require-main-filename": {
      "version": "2.0.0",
      "resolved": "https://registry.npmjs.org/require-main-filename/-/require-main-filename-2.0.0.tgz",
      "integrity": "sha512-NKN5kMDylKuldxYLSUfrbo5Tuzh4hd+2E8NPPX02mZtn1VuREQToYe/ZdlJy+J3uCpfaiGF05e7B8W0iXbQHmg=="
    },
    "restore-cursor": {
      "version": "3.1.0",
      "resolved": "https://registry.npmjs.org/restore-cursor/-/restore-cursor-3.1.0.tgz",
      "integrity": "sha512-l+sSefzHpj5qimhFSE5a8nufZYAM3sBSVMAPtYkmC+4EH2anSGaEMXSD0izRQbu9nfyQ9y5JrVmp7E8oZrUjvA==",
      "requires": {
        "onetime": "^5.1.0",
        "signal-exit": "^3.0.2"
      }
    },
    "run-async": {
      "version": "2.4.1",
      "resolved": "https://registry.npmjs.org/run-async/-/run-async-2.4.1.tgz",
      "integrity": "sha512-tvVnVv01b8c1RrA6Ep7JkStj85Guv/YrMcwqYQnwjsAS2cTmmPGBBjAjpCW7RrSodNSoE2/qg9O4bceNvUuDgQ=="
    },
    "rxjs": {
      "version": "6.6.3",
      "resolved": "https://registry.npmjs.org/rxjs/-/rxjs-6.6.3.tgz",
      "integrity": "sha512-trsQc+xYYXZ3urjOiJOuCOa5N3jAZ3eiSpQB5hIT8zGlL2QfnHLJ2r7GMkBGuIausdJN1OneaI6gQlsqNHHmZQ==",
      "requires": {
        "tslib": "^1.9.0"
      }
    },
    "safer-buffer": {
      "version": "2.1.2",
      "resolved": "https://registry.npmjs.org/safer-buffer/-/safer-buffer-2.1.2.tgz",
      "integrity": "sha512-YZo3K82SD7Riyi0E1EQPojLz7kpepnSQI9IyPbHHg1XXXevb5dJI7tpyN2ADxGcQbHG7vcyRHk0cbwqcQriUtg=="
    },
    "set-blocking": {
      "version": "2.0.0",
      "resolved": "https://registry.npmjs.org/set-blocking/-/set-blocking-2.0.0.tgz",
      "integrity": "sha1-BF+XgtARrppoA93TgrJDkrPYkPc="
    },
    "showdown": {
      "version": "1.9.1",
      "resolved": "https://registry.npmjs.org/showdown/-/showdown-1.9.1.tgz",
      "integrity": "sha512-9cGuS382HcvExtf5AHk7Cb4pAeQQ+h0eTr33V1mu+crYWV4KvWAw6el92bDrqGEk5d46Ai/fhbEUwqJ/mTCNEA==",
      "requires": {
        "yargs": "^14.2"
      }
    },
    "signal-exit": {
      "version": "3.0.3",
      "resolved": "https://registry.npmjs.org/signal-exit/-/signal-exit-3.0.3.tgz",
      "integrity": "sha512-VUJ49FC8U1OxwZLxIbTTrDvLnf/6TDgxZcK8wxR8zs13xpx7xbG60ndBlhNrFi2EMuFRoeDoJO7wthSLq42EjA=="
    },
    "slugify": {
      "version": "1.4.5",
      "resolved": "https://registry.npmjs.org/slugify/-/slugify-1.4.5.tgz",
      "integrity": "sha512-WpECLAgYaxHoEAJ8Q1Lo8HOs1ngn7LN7QjXgOLbmmfkcWvosyk4ZTXkTzKyhngK640USTZUlgoQJfED1kz5fnQ=="
    },
    "source-map": {
      "version": "0.6.1",
      "resolved": "https://registry.npmjs.org/source-map/-/source-map-0.6.1.tgz",
      "integrity": "sha512-UjgapumWlbMhkBgzT7Ykc5YXUT46F0iKu8SGXq0bcwP5dz/h0Plj6enJqjz1Zbq2l5WaqYnrVbwWOWMyF3F47g=="
    },
    "source-map-support": {
      "version": "0.5.19",
      "resolved": "https://registry.npmjs.org/source-map-support/-/source-map-support-0.5.19.tgz",
      "integrity": "sha512-Wonm7zOCIJzBGQdB+thsPar0kYuCIzYvxZwlBa87yi/Mdjv7Tip2cyVbLj5o0cFPN4EVkuTwb3GDDyUx2DGnGw==",
      "requires": {
        "buffer-from": "^1.0.0",
        "source-map": "^0.6.0"
      }
    },
    "string-collapse-leading-whitespace": {
      "version": "3.0.2",
      "resolved": "https://registry.npmjs.org/string-collapse-leading-whitespace/-/string-collapse-leading-whitespace-3.0.2.tgz",
      "integrity": "sha512-1+cuXaqe4d9ut/evICLjHcg5AAWwLKu3mMRhSBrhb4Z+lzAWN8sVspHraZad8FrBc8XJ3bzsjknSN5aMCO4tkg=="
    },
    "string-left-right": {
      "version": "2.3.31",
      "resolved": "https://registry.npmjs.org/string-left-right/-/string-left-right-2.3.31.tgz",
      "integrity": "sha512-xsMj1WXOpqPEwPC1pVULyXXZuegyx0f4H07L7QafkyC+S60c2D7h8ANb3qoywaQ9exJYqA1l6wz0Q1oTsbXs9Q==",
      "requires": {
        "lodash.clonedeep": "^4.5.0",
        "lodash.isplainobject": "^4.0.6"
      }
    },
    "string-strip-html": {
      "version": "6.1.0",
      "resolved": "https://registry.npmjs.org/string-strip-html/-/string-strip-html-6.1.0.tgz",
      "integrity": "sha512-IlTeycdYxfjDcu9fEPHXhSEzMQNs/ajIcdiYuwU5/l3KZQG7ROTUT0dlGHC5fh5ifGORVgIT3HcJ+pkuMeNgLw==",
      "requires": {
        "ent": "^2.2.0",
        "lodash.isplainobject": "^4.0.6",
        "lodash.trim": "^4.5.1",
        "lodash.without": "^4.4.0",
        "ranges-apply": "^3.2.3",
        "ranges-push": "^3.7.22",
        "string-left-right": "^2.3.31"
      }
    },
    "string-trim-spaces-only": {
      "version": "2.8.23",
      "resolved": "https://registry.npmjs.org/string-trim-spaces-only/-/string-trim-spaces-only-2.8.23.tgz",
      "integrity": "sha512-MQAksLUGqogkq8qjDBjsASojgEZUZKU2S+cYvH0u9yXrJUWUih9YuNfFK0RtIxSiRvS/dPg9V44dR8GO4nEn5w=="
    },
    "string-width": {
      "version": "4.2.0",
      "resolved": "https://registry.npmjs.org/string-width/-/string-width-4.2.0.tgz",
      "integrity": "sha512-zUz5JD+tgqtuDjMhwIg5uFVV3dtqZ9yQJlZVfq4I01/K5Paj5UHj7VyrQOJvzawSVlKpObApbfD0Ed6yJc+1eg==",
      "requires": {
        "emoji-regex": "^8.0.0",
        "is-fullwidth-code-point": "^3.0.0",
        "strip-ansi": "^6.0.0"
      }
    },
    "strip-ansi": {
      "version": "6.0.0",
      "resolved": "https://registry.npmjs.org/strip-ansi/-/strip-ansi-6.0.0.tgz",
      "integrity": "sha512-AuvKTrTfQNYNIctbR1K/YGTR1756GycPsg7b9bdV9Duqur4gv6aKqHXah67Z8ImS7WEz5QVcOtlfW2rZEugt6w==",
      "requires": {
        "ansi-regex": "^5.0.0"
      }
    },
    "supports-color": {
      "version": "7.2.0",
      "resolved": "https://registry.npmjs.org/supports-color/-/supports-color-7.2.0.tgz",
      "integrity": "sha512-qpCAvRl9stuOHveKsn7HncJRvv501qIacKzQlO/+Lwxc9+0q2wLyv4Dfvt80/DPn2pqOBsJdDiogXGR9+OvwRw==",
      "requires": {
        "has-flag": "^4.0.0"
      }
    },
    "through": {
      "version": "2.3.8",
      "resolved": "https://registry.npmjs.org/through/-/through-2.3.8.tgz",
      "integrity": "sha1-DdTJ/6q8NXlgsbckEV1+Doai4fU="
    },
    "tmp": {
      "version": "0.0.33",
      "resolved": "https://registry.npmjs.org/tmp/-/tmp-0.0.33.tgz",
      "integrity": "sha512-jRCJlojKnZ3addtTOjdIqoRuPEKBvNXcGYqzO6zWZX8KfKEpnGY5jfggJQ3EjKuu8D4bJRr0y+cYJFmYbImXGw==",
      "requires": {
        "os-tmpdir": "~1.0.2"
      }
    },
    "ts-node": {
      "version": "9.0.0",
      "resolved": "https://registry.npmjs.org/ts-node/-/ts-node-9.0.0.tgz",
      "integrity": "sha512-/TqB4SnererCDR/vb4S/QvSZvzQMJN8daAslg7MeaiHvD8rDZsSfXmNeNumyZZzMned72Xoq/isQljYSt8Ynfg==",
      "requires": {
        "arg": "^4.1.0",
        "diff": "^4.0.1",
        "make-error": "^1.1.1",
        "source-map-support": "^0.5.17",
        "yn": "3.1.1"
      }
    },
    "tslib": {
      "version": "1.14.1",
      "resolved": "https://registry.npmjs.org/tslib/-/tslib-1.14.1.tgz",
      "integrity": "sha512-Xni35NKzjgMrwevysHTCArtLDpPvye8zV/0E4EyYn43P7/7qvQwPh9BGkHewbMulVntbigmcT7rdX3BNo9wRJg=="
    },
    "type-fest": {
      "version": "0.11.0",
      "resolved": "https://registry.npmjs.org/type-fest/-/type-fest-0.11.0.tgz",
      "integrity": "sha512-OdjXJxnCN1AvyLSzeKIgXTXxV+99ZuXl3Hpo9XpJAv9MBcHrrJOQ5kV7ypXOuQie+AmWG25hLbiKdwYTifzcfQ=="
    },
    "typescript": {
      "version": "4.0.3",
      "resolved": "https://registry.npmjs.org/typescript/-/typescript-4.0.3.tgz",
      "integrity": "sha512-tEu6DGxGgRJPb/mVPIZ48e69xCn2yRmCgYmDugAVwmJ6o+0u1RI18eO7E7WBTLYLaEVVOhwQmcdhQHweux/WPg=="
    },
    "uglify-js": {
      "version": "3.11.2",
      "resolved": "https://registry.npmjs.org/uglify-js/-/uglify-js-3.11.2.tgz",
      "integrity": "sha512-G440NU6fewtnQftSgqRV1r2A5ChKbU1gqFCJ7I8S7MPpY/eZZfLGefaY6gUZYiWebMaO+txgiQ1ZyLDuNWJulg==",
      "optional": true
    },
    "which-module": {
      "version": "2.0.0",
      "resolved": "https://registry.npmjs.org/which-module/-/which-module-2.0.0.tgz",
      "integrity": "sha1-2e8H3Od7mQK4o6j6SzHD4/fm6Ho="
    },
    "wordwrap": {
      "version": "1.0.0",
      "resolved": "https://registry.npmjs.org/wordwrap/-/wordwrap-1.0.0.tgz",
      "integrity": "sha1-J1hIEIkUVqQXHI0CJkQa3pDLyus="
    },
    "wrap-ansi": {
      "version": "5.1.0",
      "resolved": "https://registry.npmjs.org/wrap-ansi/-/wrap-ansi-5.1.0.tgz",
      "integrity": "sha512-QC1/iN/2/RPVJ5jYK8BGttj5z83LmSKmvbvrXPNCLZSEb32KKVDJDl/MOt2N01qU2H/FkzEa9PKto1BqDjtd7Q==",
      "requires": {
        "ansi-styles": "^3.2.0",
        "string-width": "^3.0.0",
        "strip-ansi": "^5.0.0"
      },
      "dependencies": {
        "ansi-regex": {
          "version": "4.1.0",
          "resolved": "https://registry.npmjs.org/ansi-regex/-/ansi-regex-4.1.0.tgz",
          "integrity": "sha512-1apePfXM1UOSqw0o9IiFAovVz9M5S1Dg+4TrDwfMewQ6p/rmMueb7tWZjQ1rx4Loy1ArBggoqGpfqqdI4rondg=="
        },
        "ansi-styles": {
          "version": "3.2.1",
          "resolved": "https://registry.npmjs.org/ansi-styles/-/ansi-styles-3.2.1.tgz",
          "integrity": "sha512-VT0ZI6kZRdTh8YyJw3SMbYm/u+NqfsAxEpWO0Pf9sq8/e94WxxOpPKx9FR1FlyCtOVDNOQ+8ntlqFxiRc+r5qA==",
          "requires": {
            "color-convert": "^1.9.0"
          }
        },
        "color-convert": {
          "version": "1.9.3",
          "resolved": "https://registry.npmjs.org/color-convert/-/color-convert-1.9.3.tgz",
          "integrity": "sha512-QfAUtd+vFdAtFQcC8CCyYt1fYWxSqAiK2cSD6zDB8N3cpsEBAvRxp9zOGg6G/SHHJYAT88/az/IuDGALsNVbGg==",
          "requires": {
            "color-name": "1.1.3"
          }
        },
        "color-name": {
          "version": "1.1.3",
          "resolved": "https://registry.npmjs.org/color-name/-/color-name-1.1.3.tgz",
          "integrity": "sha1-p9BVi9icQveV3UIyj3QIMcpTvCU="
        },
        "emoji-regex": {
          "version": "7.0.3",
          "resolved": "https://registry.npmjs.org/emoji-regex/-/emoji-regex-7.0.3.tgz",
          "integrity": "sha512-CwBLREIQ7LvYFB0WyRvwhq5N5qPhc6PMjD6bYggFlI5YyDgl+0vxq5VHbMOFqLg7hfWzmu8T5Z1QofhmTIhItA=="
        },
        "is-fullwidth-code-point": {
          "version": "2.0.0",
          "resolved": "https://registry.npmjs.org/is-fullwidth-code-point/-/is-fullwidth-code-point-2.0.0.tgz",
          "integrity": "sha1-o7MKXE8ZkYMWeqq5O+764937ZU8="
        },
        "string-width": {
          "version": "3.1.0",
          "resolved": "https://registry.npmjs.org/string-width/-/string-width-3.1.0.tgz",
          "integrity": "sha512-vafcv6KjVZKSgz06oM/H6GDBrAtz8vdhQakGjFIvNrHA6y3HCF1CInLy+QLq8dTJPQ1b+KDUqDFctkdRW44e1w==",
          "requires": {
            "emoji-regex": "^7.0.1",
            "is-fullwidth-code-point": "^2.0.0",
            "strip-ansi": "^5.1.0"
          }
        },
        "strip-ansi": {
          "version": "5.2.0",
          "resolved": "https://registry.npmjs.org/strip-ansi/-/strip-ansi-5.2.0.tgz",
          "integrity": "sha512-DuRs1gKbBqsMKIZlrffwlug8MHkcnpjs5VPmL1PAh+mA30U0DTotfDZ0d2UUsXpPmPmMMJ6W773MaA3J+lbiWA==",
          "requires": {
            "ansi-regex": "^4.1.0"
          }
        }
      }
    },
    "y18n": {
      "version": "4.0.0",
      "resolved": "https://registry.npmjs.org/y18n/-/y18n-4.0.0.tgz",
      "integrity": "sha512-r9S/ZyXu/Xu9q1tYlpsLIsa3EeLXXk0VwlxqTcFRfg9EhMW+17kbt9G0NrgCmhGb5vT2hyhJZLfDGx+7+5Uj/w=="
    },
    "yargs": {
      "version": "14.2.3",
      "resolved": "https://registry.npmjs.org/yargs/-/yargs-14.2.3.tgz",
      "integrity": "sha512-ZbotRWhF+lkjijC/VhmOT9wSgyBQ7+zr13+YLkhfsSiTriYsMzkTUFP18pFhWwBeMa5gUc1MzbhrO6/VB7c9Xg==",
      "requires": {
        "cliui": "^5.0.0",
        "decamelize": "^1.2.0",
        "find-up": "^3.0.0",
        "get-caller-file": "^2.0.1",
        "require-directory": "^2.1.1",
        "require-main-filename": "^2.0.0",
        "set-blocking": "^2.0.0",
        "string-width": "^3.0.0",
        "which-module": "^2.0.0",
        "y18n": "^4.0.0",
        "yargs-parser": "^15.0.1"
      },
      "dependencies": {
        "ansi-regex": {
          "version": "4.1.0",
          "resolved": "https://registry.npmjs.org/ansi-regex/-/ansi-regex-4.1.0.tgz",
          "integrity": "sha512-1apePfXM1UOSqw0o9IiFAovVz9M5S1Dg+4TrDwfMewQ6p/rmMueb7tWZjQ1rx4Loy1ArBggoqGpfqqdI4rondg=="
        },
        "emoji-regex": {
          "version": "7.0.3",
          "resolved": "https://registry.npmjs.org/emoji-regex/-/emoji-regex-7.0.3.tgz",
          "integrity": "sha512-CwBLREIQ7LvYFB0WyRvwhq5N5qPhc6PMjD6bYggFlI5YyDgl+0vxq5VHbMOFqLg7hfWzmu8T5Z1QofhmTIhItA=="
        },
        "is-fullwidth-code-point": {
          "version": "2.0.0",
          "resolved": "https://registry.npmjs.org/is-fullwidth-code-point/-/is-fullwidth-code-point-2.0.0.tgz",
          "integrity": "sha1-o7MKXE8ZkYMWeqq5O+764937ZU8="
        },
        "string-width": {
          "version": "3.1.0",
          "resolved": "https://registry.npmjs.org/string-width/-/string-width-3.1.0.tgz",
          "integrity": "sha512-vafcv6KjVZKSgz06oM/H6GDBrAtz8vdhQakGjFIvNrHA6y3HCF1CInLy+QLq8dTJPQ1b+KDUqDFctkdRW44e1w==",
          "requires": {
            "emoji-regex": "^7.0.1",
            "is-fullwidth-code-point": "^2.0.0",
            "strip-ansi": "^5.1.0"
          }
        },
        "strip-ansi": {
          "version": "5.2.0",
          "resolved": "https://registry.npmjs.org/strip-ansi/-/strip-ansi-5.2.0.tgz",
          "integrity": "sha512-DuRs1gKbBqsMKIZlrffwlug8MHkcnpjs5VPmL1PAh+mA30U0DTotfDZ0d2UUsXpPmPmMMJ6W773MaA3J+lbiWA==",
          "requires": {
            "ansi-regex": "^4.1.0"
          }
        }
      }
    },
    "yargs-parser": {
      "version": "15.0.1",
      "resolved": "https://registry.npmjs.org/yargs-parser/-/yargs-parser-15.0.1.tgz",
      "integrity": "sha512-0OAMV2mAZQrs3FkNpDQcBk1x5HXb8X4twADss4S0Iuk+2dGnLOE/fRHrsYm542GduMveyA77OF4wrNJuanRCWw==",
      "requires": {
        "camelcase": "^5.0.0",
        "decamelize": "^1.2.0"
      }
    },
    "yn": {
      "version": "3.1.1",
      "resolved": "https://registry.npmjs.org/yn/-/yn-3.1.1.tgz",
      "integrity": "sha512-Ux4ygGWsu2c7isFWe8Yu1YluJmqVhxqK2cLXNQA5AcC3QfbGNpM7fu0Y8b/z16pXLnFxZYvWhd3fhBY9DLmC6Q=="
    }
  }
}
